// !$*UTF8*$!
{
	archiveVersion = 1;
	classes = {
	};
	objectVersion = 56;
	objects = {

/* Begin PBXBuildFile section */
		5050022D2932E63900840BC0 /* .gitignore in Resources */ = {isa = PBXBuildFile; fileRef = 5050022C2932E63900840BC0 /* .gitignore */; };
		50F3570C2934F82F00BB913E /* Shelter.swift in Sources */ = {isa = PBXBuildFile; fileRef = 50F3570B2934F82F00BB913E /* Shelter.swift */; };
		50F3570E2934F91E00BB913E /* Pet.swift in Sources */ = {isa = PBXBuildFile; fileRef = 50F3570D2934F91E00BB913E /* Pet.swift */; };
		50F736AA2932E29B005BC387 /* AppDelegate.swift in Sources */ = {isa = PBXBuildFile; fileRef = 50F736A92932E29B005BC387 /* AppDelegate.swift */; };
		50F736AC2932E29B005BC387 /* SceneDelegate.swift in Sources */ = {isa = PBXBuildFile; fileRef = 50F736AB2932E29B005BC387 /* SceneDelegate.swift */; };
		50F736AE2932E29B005BC387 /* ViewController.swift in Sources */ = {isa = PBXBuildFile; fileRef = 50F736AD2932E29B005BC387 /* ViewController.swift */; };
		50F736B12932E29B005BC387 /* Main.storyboard in Resources */ = {isa = PBXBuildFile; fileRef = 50F736AF2932E29B005BC387 /* Main.storyboard */; };
		50F736B32932E29E005BC387 /* Assets.xcassets in Resources */ = {isa = PBXBuildFile; fileRef = 50F736B22932E29E005BC387 /* Assets.xcassets */; };
		50F736B62932E29E005BC387 /* LaunchScreen.storyboard in Resources */ = {isa = PBXBuildFile; fileRef = 50F736B42932E29E005BC387 /* LaunchScreen.storyboard */; };
		50F736C32932E3A2005BC387 /* DataStore.swift in Sources */ = {isa = PBXBuildFile; fileRef = 50F736C22932E3A2005BC387 /* DataStore.swift */; };
/* End PBXBuildFile section */

/* Begin PBXFileReference section */
		5050022C2932E63900840BC0 /* .gitignore */ = {isa = PBXFileReference; lastKnownFileType = text; path = .gitignore; sourceTree = "<group>"; };
		50F3570B2934F82F00BB913E /* Shelter.swift */ = {isa = PBXFileReference; lastKnownFileType = sourcecode.swift; path = Shelter.swift; sourceTree = "<group>"; };
		50F3570D2934F91E00BB913E /* Pet.swift */ = {isa = PBXFileReference; lastKnownFileType = sourcecode.swift; path = Pet.swift; sourceTree = "<group>"; };
		50F736A62932E29B005BC387 /* PetShelter.app */ = {isa = PBXFileReference; explicitFileType = wrapper.application; includeInIndex = 0; path = PetShelter.app; sourceTree = BUILT_PRODUCTS_DIR; };
		50F736A92932E29B005BC387 /* AppDelegate.swift */ = {isa = PBXFileReference; lastKnownFileType = sourcecode.swift; path = AppDelegate.swift; sourceTree = "<group>"; };
		50F736AB2932E29B005BC387 /* SceneDelegate.swift */ = {isa = PBXFileReference; lastKnownFileType = sourcecode.swift; path = SceneDelegate.swift; sourceTree = "<group>"; };
		50F736AD2932E29B005BC387 /* ViewController.swift */ = {isa = PBXFileReference; lastKnownFileType = sourcecode.swift; path = ViewController.swift; sourceTree = "<group>"; };
		50F736B02932E29B005BC387 /* Base */ = {isa = PBXFileReference; lastKnownFileType = file.storyboard; name = Base; path = Base.lproj/Main.storyboard; sourceTree = "<group>"; };
		50F736B22932E29E005BC387 /* Assets.xcassets */ = {isa = PBXFileReference; lastKnownFileType = folder.assetcatalog; path = Assets.xcassets; sourceTree = "<group>"; };
		50F736B52932E29E005BC387 /* Base */ = {isa = PBXFileReference; lastKnownFileType = file.storyboard; name = Base; path = Base.lproj/LaunchScreen.storyboard; sourceTree = "<group>"; };
		50F736B72932E29E005BC387 /* Info.plist */ = {isa = PBXFileReference; lastKnownFileType = text.plist.xml; path = Info.plist; sourceTree = "<group>"; };
		50F736C22932E3A2005BC387 /* DataStore.swift */ = {isa = PBXFileReference; lastKnownFileType = sourcecode.swift; path = DataStore.swift; sourceTree = "<group>"; };
/* End PBXFileReference section */

/* Begin PBXFrameworksBuildPhase section */
		50F736A32932E29B005BC387 /* Frameworks */ = {
			isa = PBXFrameworksBuildPhase;
			buildActionMask = 2147483647;
			files = (
			);
			runOnlyForDeploymentPostprocessing = 0;
		};
/* End PBXFrameworksBuildPhase section */

/* Begin PBXGroup section */
		50F7369D2932E29B005BC387 = {
			isa = PBXGroup;
			children = (
				5050022C2932E63900840BC0 /* .gitignore */,
				50F736A82932E29B005BC387 /* PetShelter */,
				50F736A72932E29B005BC387 /* Products */,
			);
			sourceTree = "<group>";
		};
		50F736A72932E29B005BC387 /* Products */ = {
			isa = PBXGroup;
			children = (
				50F736A62932E29B005BC387 /* PetShelter.app */,
			);
			name = Products;
			sourceTree = "<group>";
		};
		50F736A82932E29B005BC387 /* PetShelter */ = {
			isa = PBXGroup;
			children = (
				50F736BD2932E2DB005BC387 /* Models */,
				50F736BE2932E2F2005BC387 /* ViewControllers */,
				50F736BF2932E322005BC387 /* StoryBoards */,
				50F736C12932E36B005BC387 /* Services */,
				50F736C02932E346005BC387 /* Delegates */,
				50F736B22932E29E005BC387 /* Assets.xcassets */,
				50F736B72932E29E005BC387 /* Info.plist */,
			);
			path = PetShelter;
			sourceTree = "<group>";
		};
		50F736BD2932E2DB005BC387 /* Models */ = {
			isa = PBXGroup;
			children = (
				50F3570B2934F82F00BB913E /* Shelter.swift */,
				50F3570D2934F91E00BB913E /* Pet.swift */,
			);
			path = Models;
			sourceTree = "<group>";
		};
		50F736BE2932E2F2005BC387 /* ViewControllers */ = {
			isa = PBXGroup;
			children = (
				50F736AD2932E29B005BC387 /* ViewController.swift */,
			);
			path = ViewControllers;
			sourceTree = "<group>";
		};
		50F736BF2932E322005BC387 /* StoryBoards */ = {
			isa = PBXGroup;
			children = (
				50F736AF2932E29B005BC387 /* Main.storyboard */,
				50F736B42932E29E005BC387 /* LaunchScreen.storyboard */,
			);
			path = StoryBoards;
			sourceTree = "<group>";
		};
		50F736C02932E346005BC387 /* Delegates */ = {
			isa = PBXGroup;
			children = (
				50F736A92932E29B005BC387 /* AppDelegate.swift */,
				50F736AB2932E29B005BC387 /* SceneDelegate.swift */,
			);
			path = Delegates;
			sourceTree = "<group>";
		};
		50F736C12932E36B005BC387 /* Services */ = {
			isa = PBXGroup;
			children = (
				50F736C22932E3A2005BC387 /* DataStore.swift */,
			);
			path = Services;
			sourceTree = "<group>";
		};
/* End PBXGroup section */

/* Begin PBXNativeTarget section */
		50F736A52932E29B005BC387 /* PetShelter */ = {
			isa = PBXNativeTarget;
			buildConfigurationList = 50F736BA2932E29E005BC387 /* Build configuration list for PBXNativeTarget "PetShelter" */;
			buildPhases = (
				50F736A22932E29B005BC387 /* Sources */,
				50F736A32932E29B005BC387 /* Frameworks */,
				50F736A42932E29B005BC387 /* Resources */,
			);
			buildRules = (
			);
			dependencies = (
			);
			name = PetShelter;
			productName = PetShelter;
			productReference = 50F736A62932E29B005BC387 /* PetShelter.app */;
			productType = "com.apple.product-type.application";
		};
/* End PBXNativeTarget section */

/* Begin PBXProject section */
		50F7369E2932E29B005BC387 /* Project object */ = {
			isa = PBXProject;
			attributes = {
				BuildIndependentTargetsInParallel = 1;
				LastSwiftUpdateCheck = 1410;
				LastUpgradeCheck = 1410;
				TargetAttributes = {
					50F736A52932E29B005BC387 = {
						CreatedOnToolsVersion = 14.1;
					};
				};
			};
			buildConfigurationList = 50F736A12932E29B005BC387 /* Build configuration list for PBXProject "PetShelter" */;
			compatibilityVersion = "Xcode 14.0";
			developmentRegion = en;
			hasScannedForEncodings = 0;
			knownRegions = (
				en,
				Base,
			);
			mainGroup = 50F7369D2932E29B005BC387;
			productRefGroup = 50F736A72932E29B005BC387 /* Products */;
			projectDirPath = "";
			projectRoot = "";
			targets = (
				50F736A52932E29B005BC387 /* PetShelter */,
			);
		};
/* End PBXProject section */

/* Begin PBXResourcesBuildPhase section */
		50F736A42932E29B005BC387 /* Resources */ = {
			isa = PBXResourcesBuildPhase;
			buildActionMask = 2147483647;
			files = (
				5050022D2932E63900840BC0 /* .gitignore in Resources */,
				50F736B62932E29E005BC387 /* LaunchScreen.storyboard in Resources */,
				50F736B32932E29E005BC387 /* Assets.xcassets in Resources */,
				50F736B12932E29B005BC387 /* Main.storyboard in Resources */,
			);
			runOnlyForDeploymentPostprocessing = 0;
		};
/* End PBXResourcesBuildPhase section */

/* Begin PBXSourcesBuildPhase section */
		50F736A22932E29B005BC387 /* Sources */ = {
			isa = PBXSourcesBuildPhase;
			buildActionMask = 2147483647;
			files = (
				50F736AE2932E29B005BC387 /* ViewController.swift in Sources */,
				50F3570C2934F82F00BB913E /* Shelter.swift in Sources */,
				50F736AA2932E29B005BC387 /* AppDelegate.swift in Sources */,
				50F3570E2934F91E00BB913E /* Pet.swift in Sources */,
				50F736C32932E3A2005BC387 /* DataStore.swift in Sources */,
				50F736AC2932E29B005BC387 /* SceneDelegate.swift in Sources */,
			);
			runOnlyForDeploymentPostprocessing = 0;
		};
/* End PBXSourcesBuildPhase section */

/* Begin PBXVariantGroup section */
		50F736AF2932E29B005BC387 /* Main.storyboard */ = {
			isa = PBXVariantGroup;
			children = (
				50F736B02932E29B005BC387 /* Base */,
			);
			name = Main.storyboard;
			sourceTree = "<group>";
		};
		50F736B42932E29E005BC387 /* LaunchScreen.storyboard */ = {
			isa = PBXVariantGroup;
			children = (
				50F736B52932E29E005BC387 /* Base */,
			);
			name = LaunchScreen.storyboard;
			sourceTree = "<group>";
		};
/* End PBXVariantGroup section */

/* Begin XCBuildConfiguration section */
		50F736B82932E29E005BC387 /* Debug */ = {
			isa = XCBuildConfiguration;
			buildSettings = {
				ALWAYS_SEARCH_USER_PATHS = NO;
				CLANG_ANALYZER_NONNULL = YES;
				CLANG_ANALYZER_NUMBER_OBJECT_CONVERSION = YES_AGGRESSIVE;
				CLANG_CXX_LANGUAGE_STANDARD = "gnu++20";
				CLANG_ENABLE_MODULES = YES;
				CLANG_ENABLE_OBJC_ARC = YES;
				CLANG_ENABLE_OBJC_WEAK = YES;
				CLANG_WARN_BLOCK_CAPTURE_AUTORELEASING = YES;
				CLANG_WARN_BOOL_CONVERSION = YES;
				CLANG_WARN_COMMA = YES;
				CLANG_WARN_CONSTANT_CONVERSION = YES;
				CLANG_WARN_DEPRECATED_OBJC_IMPLEMENTATIONS = YES;
				CLANG_WARN_DIRECT_OBJC_ISA_USAGE = YES_ERROR;
				CLANG_WARN_DOCUMENTATION_COMMENTS = YES;
				CLANG_WARN_EMPTY_BODY = YES;
				CLANG_WARN_ENUM_CONVERSION = YES;
				CLANG_WARN_INFINITE_RECURSION = YES;
				CLANG_WARN_INT_CONVERSION = YES;
				CLANG_WARN_NON_LITERAL_NULL_CONVERSION = YES;
				CLANG_WARN_OBJC_IMPLICIT_RETAIN_SELF = YES;
				CLANG_WARN_OBJC_LITERAL_CONVERSION = YES;
				CLANG_WARN_OBJC_ROOT_CLASS = YES_ERROR;
				CLANG_WARN_QUOTED_INCLUDE_IN_FRAMEWORK_HEADER = YES;
				CLANG_WARN_RANGE_LOOP_ANALYSIS = YES;
				CLANG_WARN_STRICT_PROTOTYPES = YES;
				CLANG_WARN_SUSPICIOUS_MOVE = YES;
				CLANG_WARN_UNGUARDED_AVAILABILITY = YES_AGGRESSIVE;
				CLANG_WARN_UNREACHABLE_CODE = YES;
				CLANG_WARN__DUPLICATE_METHOD_MATCH = YES;
				COPY_PHASE_STRIP = NO;
				DEBUG_INFORMATION_FORMAT = dwarf;
				ENABLE_STRICT_OBJC_MSGSEND = YES;
				ENABLE_TESTABILITY = YES;
				GCC_C_LANGUAGE_STANDARD = gnu11;
				GCC_DYNAMIC_NO_PIC = NO;
				GCC_NO_COMMON_BLOCKS = YES;
				GCC_OPTIMIZATION_LEVEL = 0;
				GCC_PREPROCESSOR_DEFINITIONS = (
					"DEBUG=1",
					"$(inherited)",
				);
				GCC_WARN_64_TO_32_BIT_CONVERSION = YES;
				GCC_WARN_ABOUT_RETURN_TYPE = YES_ERROR;
				GCC_WARN_UNDECLARED_SELECTOR = YES;
				GCC_WARN_UNINITIALIZED_AUTOS = YES_AGGRESSIVE;
				GCC_WARN_UNUSED_FUNCTION = YES;
				GCC_WARN_UNUSED_VARIABLE = YES;
				IPHONEOS_DEPLOYMENT_TARGET = 16.1;
				MTL_ENABLE_DEBUG_INFO = INCLUDE_SOURCE;
				MTL_FAST_MATH = YES;
				ONLY_ACTIVE_ARCH = YES;
				SDKROOT = iphoneos;
				SWIFT_ACTIVE_COMPILATION_CONDITIONS = DEBUG;
				SWIFT_OPTIMIZATION_LEVEL = "-Onone";
			};
			name = Debug;
		};
		50F736B92932E29E005BC387 /* Release */ = {
			isa = XCBuildConfiguration;
			buildSettings = {
				ALWAYS_SEARCH_USER_PATHS = NO;
				CLANG_ANALYZER_NONNULL = YES;
				CLANG_ANALYZER_NUMBER_OBJECT_CONVERSION = YES_AGGRESSIVE;
				CLANG_CXX_LANGUAGE_STANDARD = "gnu++20";
				CLANG_ENABLE_MODULES = YES;
				CLANG_ENABLE_OBJC_ARC = YES;
				CLANG_ENABLE_OBJC_WEAK = YES;
				CLANG_WARN_BLOCK_CAPTURE_AUTORELEASING = YES;
				CLANG_WARN_BOOL_CONVERSION = YES;
				CLANG_WARN_COMMA = YES;
				CLANG_WARN_CONSTANT_CONVERSION = YES;
				CLANG_WARN_DEPRECATED_OBJC_IMPLEMENTATIONS = YES;
				CLANG_WARN_DIRECT_OBJC_ISA_USAGE = YES_ERROR;
				CLANG_WARN_DOCUMENTATION_COMMENTS = YES;
				CLANG_WARN_EMPTY_BODY = YES;
				CLANG_WARN_ENUM_CONVERSION = YES;
				CLANG_WARN_INFINITE_RECURSION = YES;
				CLANG_WARN_INT_CONVERSION = YES;
				CLANG_WARN_NON_LITERAL_NULL_CONVERSION = YES;
				CLANG_WARN_OBJC_IMPLICIT_RETAIN_SELF = YES;
				CLANG_WARN_OBJC_LITERAL_CONVERSION = YES;
				CLANG_WARN_OBJC_ROOT_CLASS = YES_ERROR;
				CLANG_WARN_QUOTED_INCLUDE_IN_FRAMEWORK_HEADER = YES;
				CLANG_WARN_RANGE_LOOP_ANALYSIS = YES;
				CLANG_WARN_STRICT_PROTOTYPES = YES;
				CLANG_WARN_SUSPICIOUS_MOVE = YES;
				CLANG_WARN_UNGUARDED_AVAILABILITY = YES_AGGRESSIVE;
				CLANG_WARN_UNREACHABLE_CODE = YES;
				CLANG_WARN__DUPLICATE_METHOD_MATCH = YES;
				COPY_PHASE_STRIP = NO;
				DEBUG_INFORMATION_FORMAT = "dwarf-with-dsym";
				ENABLE_NS_ASSERTIONS = NO;
				ENABLE_STRICT_OBJC_MSGSEND = YES;
				GCC_C_LANGUAGE_STANDARD = gnu11;
				GCC_NO_COMMON_BLOCKS = YES;
				GCC_WARN_64_TO_32_BIT_CONVERSION = YES;
				GCC_WARN_ABOUT_RETURN_TYPE = YES_ERROR;
				GCC_WARN_UNDECLARED_SELECTOR = YES;
				GCC_WARN_UNINITIALIZED_AUTOS = YES_AGGRESSIVE;
				GCC_WARN_UNUSED_FUNCTION = YES;
				GCC_WARN_UNUSED_VARIABLE = YES;
				IPHONEOS_DEPLOYMENT_TARGET = 16.1;
				MTL_ENABLE_DEBUG_INFO = NO;
				MTL_FAST_MATH = YES;
				SDKROOT = iphoneos;
				SWIFT_COMPILATION_MODE = wholemodule;
				SWIFT_OPTIMIZATION_LEVEL = "-O";
				VALIDATE_PRODUCT = YES;
			};
			name = Release;
		};
		50F736BB2932E29E005BC387 /* Debug */ = {
			isa = XCBuildConfiguration;
			buildSettings = {
				ASSETCATALOG_COMPILER_APPICON_NAME = AppIcon;
				ASSETCATALOG_COMPILER_GLOBAL_ACCENT_COLOR_NAME = AccentColor;
				CODE_SIGN_STYLE = Automatic;
				CURRENT_PROJECT_VERSION = 1;
				DEVELOPMENT_TEAM = PT982DDMHZ;
				GENERATE_INFOPLIST_FILE = YES;
				INFOPLIST_FILE = PetShelter/Info.plist;
				INFOPLIST_KEY_UIApplicationSupportsIndirectInputEvents = YES;
				INFOPLIST_KEY_UILaunchStoryboardName = LaunchScreen;
				INFOPLIST_KEY_UIMainStoryboardFile = Main;
				INFOPLIST_KEY_UISupportedInterfaceOrientations = UIInterfaceOrientationPortrait;
				INFOPLIST_KEY_UISupportedInterfaceOrientations_iPad = "UIInterfaceOrientationLandscapeLeft UIInterfaceOrientationLandscapeRight UIInterfaceOrientationPortrait UIInterfaceOrientationPortraitUpsideDown";
				LD_RUNPATH_SEARCH_PATHS = (
					"$(inherited)",
					"@executable_path/Frameworks",
				);
				MARKETING_VERSION = 1.0;
				PRODUCT_BUNDLE_IDENTIFIER = MPol.PetShelter;
				PRODUCT_NAME = "$(TARGET_NAME)";
				SUPPORTED_PLATFORMS = "iphoneos iphonesimulator";
				SUPPORTS_MACCATALYST = NO;
				SUPPORTS_MAC_DESIGNED_FOR_IPHONE_IPAD = NO;
				SWIFT_EMIT_LOC_STRINGS = YES;
				SWIFT_VERSION = 5.0;
				TARGETED_DEVICE_FAMILY = 1;
			};
			name = Debug;
		};
		50F736BC2932E29E005BC387 /* Release */ = {
			isa = XCBuildConfiguration;
			buildSettings = {
				ASSETCATALOG_COMPILER_APPICON_NAME = AppIcon;
				ASSETCATALOG_COMPILER_GLOBAL_ACCENT_COLOR_NAME = AccentColor;
				CODE_SIGN_STYLE = Automatic;
				CURRENT_PROJECT_VERSION = 1;
				DEVELOPMENT_TEAM = PT982DDMHZ;
				GENERATE_INFOPLIST_FILE = YES;
				INFOPLIST_FILE = PetShelter/Info.plist;
				INFOPLIST_KEY_UIApplicationSupportsIndirectInputEvents = YES;
				INFOPLIST_KEY_UILaunchStoryboardName = LaunchScreen;
				INFOPLIST_KEY_UIMainStoryboardFile = Main;
				INFOPLIST_KEY_UISupportedInterfaceOrientations = UIInterfaceOrientationPortrait;
				INFOPLIST_KEY_UISupportedInterfaceOrientations_iPad = "UIInterfaceOrientationLandscapeLeft UIInterfaceOrientationLandscapeRight UIInterfaceOrientationPortrait UIInterfaceOrientationPortraitUpsideDown";
				LD_RUNPATH_SEARCH_PATHS = (
					"$(inherited)",
					"@executable_path/Frameworks",
				);
				MARKETING_VERSION = 1.0;
				PRODUCT_BUNDLE_IDENTIFIER = MPol.PetShelter;
				PRODUCT_NAME = "$(TARGET_NAME)";
				SUPPORTED_PLATFORMS = "iphoneos iphonesimulator";
				SUPPORTS_MACCATALYST = NO;
				SUPPORTS_MAC_DESIGNED_FOR_IPHONE_IPAD = NO;
				SWIFT_EMIT_LOC_STRINGS = YES;
				SWIFT_VERSION = 5.0;
				TARGETED_DEVICE_FAMILY = 1;
			};
			name = Release;
		};
/* End XCBuildConfiguration section */

/* Begin XCConfigurationList section */
		50F736A12932E29B005BC387 /* Build configuration list for PBXProject "PetShelter" */ = {
			isa = XCConfigurationList;
			buildConfigurations = (
				50F736B82932E29E005BC387 /* Debug */,
				50F736B92932E29E005BC387 /* Release */,
			);
			defaultConfigurationIsVisible = 0;
			defaultConfigurationName = Release;
		};
		50F736BA2932E29E005BC387 /* Build configuration list for PBXNativeTarget "PetShelter" */ = {
			isa = XCConfigurationList;
			buildConfigurations = (
				50F736BB2932E29E005BC387 /* Debug */,
				50F736BC2932E29E005BC387 /* Release */,
			);
			defaultConfigurationIsVisible = 0;
			defaultConfigurationName = Release;
		};
/* End XCConfigurationList section */
	};
	rootObject = 50F7369E2932E29B005BC387 /* Project object */;
}
